
Microsoft Visual Studio Solution File, Format Version 12.00
# Visual Studio Version 16
VisualStudioVersion = 16.0.29324.140
MinimumVisualStudioVersion = 10.0.40219.1
Project("{FAE04EC0-301F-11D3-BF4B-00C04F79EFBC}") = "observadorUsuario", "observadorUsuario\observadorUsuario.csproj", "{ECFA2210-A7FD-4017-A3BA-0A23EAED813A}"
EndProject
Global
	GlobalSection(SolutionConfigurationPlatforms) = preSolution
		Debug|Any CPU = Debug|Any CPU
		Release|Any CPU = Release|Any CPU
	EndGlobalSection
	GlobalSection(ProjectConfigurationPlatforms) = postSolution
		{ECFA2210-A7FD-4017-A3BA-0A23EAED813A}.Debug|Any CPU.ActiveCfg = Debug|Any CPU
		{ECFA2210-A7FD-4017-A3BA-0A23EAED813A}.Debug|Any CPU.Build.0 = Debug|Any CPU
		{ECFA2210-A7FD-4017-A3BA-0A23EAED813A}.Release|Any CPU.ActiveCfg = Release|Any CPU
		{ECFA2210-A7FD-4017-A3BA-0A23EAED813A}.Release|Any CPU.Build.0 = Release|Any CPU
	EndGlobalSection
	GlobalSection(SolutionProperties) = preSolution
		HideSolutionNode = FALSE
	EndGlobalSection
	GlobalSection(ExtensibilityGlobals) = postSolution
		SolutionGuid = {C3A95D2E-C48E-407C-8425-8CE318D9A4D7}
	EndGlobalSection
EndGlobal
